// !$*UTF8*$!
{
	archiveVersion = 1;
	classes = {
	};
	objectVersion = 50;
	objects = {

/* Begin PBXBuildFile section */
		86E78BD6250ECB900055CA29 /* AppDelegate.swift in Sources */ = {isa = PBXBuildFile; fileRef = 86E78BD5250ECB900055CA29 /* AppDelegate.swift */; };
		86E78BD8250ECB900055CA29 /* SceneDelegate.swift in Sources */ = {isa = PBXBuildFile; fileRef = 86E78BD7250ECB900055CA29 /* SceneDelegate.swift */; };
		86E78BDA250ECB900055CA29 /* ViewController.swift in Sources */ = {isa = PBXBuildFile; fileRef = 86E78BD9250ECB900055CA29 /* ViewController.swift */; };
		86E78BDD250ECB900055CA29 /* Main.storyboard in Resources */ = {isa = PBXBuildFile; fileRef = 86E78BDB250ECB900055CA29 /* Main.storyboard */; };
		86E78BDF250ECB930055CA29 /* Assets.xcassets in Resources */ = {isa = PBXBuildFile; fileRef = 86E78BDE250ECB930055CA29 /* Assets.xcassets */; };
		86E78BE2250ECB930055CA29 /* LaunchScreen.storyboard in Resources */ = {isa = PBXBuildFile; fileRef = 86E78BE0250ECB930055CA29 /* LaunchScreen.storyboard */; };
/* End PBXBuildFile section */

/* Begin PBXFileReference section */
		86E78BD2250ECB900055CA29 /* SimpleApp4.app */ = {isa = PBXFileReference; explicitFileType = wrapper.application; includeInIndex = 0; path = SimpleApp4.app; sourceTree = BUILT_PRODUCTS_DIR; };
		86E78BD5250ECB900055CA29 /* AppDelegate.swift */ = {isa = PBXFileReference; lastKnownFileType = sourcecode.swift; path = AppDelegate.swift; sourceTree = "<group>"; };
		86E78BD7250ECB900055CA29 /* SceneDelegate.swift */ = {isa = PBXFileReference; lastKnownFileType = sourcecode.swift; path = SceneDelegate.swift; sourceTree = "<group>"; };
		86E78BD9250ECB900055CA29 /* ViewController.swift */ = {isa = PBXFileReference; lastKnownFileType = sourcecode.swift; path = ViewController.swift; sourceTree = "<group>"; };
		86E78BDC250ECB900055CA29 /* Base */ = {isa = PBXFileReference; lastKnownFileType = file.storyboard; name = Base; path = Base.lproj/Main.storyboard; sourceTree = "<group>"; };
		86E78BDE250ECB930055CA29 /* Assets.xcassets */ = {isa = PBXFileReference; lastKnownFileType = folder.assetcatalog; path = Assets.xcassets; sourceTree = "<group>"; };
		86E78BE1250ECB930055CA29 /* Base */ = {isa = PBXFileReference; lastKnownFileType = file.storyboard; name = Base; path = Base.lproj/LaunchScreen.storyboard; sourceTree = "<group>"; };
		86E78BE3250ECB930055CA29 /* Info.plist */ = {isa = PBXFileReference; lastKnownFileType = text.plist.xml; path = Info.plist; sourceTree = "<group>"; };
/* End PBXFileReference section */

/* Begin PBXFrameworksBuildPhase section */
		86E78BCF250ECB900055CA29 /* Frameworks */ = {
			isa = PBXFrameworksBuildPhase;
			buildActionMask = 2147483647;
			files = (
			);
			runOnlyForDeploymentPostprocessing = 0;
		};
/* End PBXFrameworksBuildPhase section */

/* Begin PBXGroup section */
		86E78BC9250ECB900055CA29 = {
			isa = PBXGroup;
			children = (
				86E78BD4250ECB900055CA29 /* SimpleApp4 */,
				86E78BD3250ECB900055CA29 /* Products */,
			);
			sourceTree = "<group>";
		};
		86E78BD3250ECB900055CA29 /* Products */ = {
			isa = PBXGroup;
			children = (
				86E78BD2250ECB900055CA29 /* SimpleApp4.app */,
			);
			name = Products;
			sourceTree = "<group>";
		};
		86E78BD4250ECB900055CA29 /* SimpleApp4 */ = {
			isa = PBXGroup;
			children = (
				86E78BD5250ECB900055CA29 /* AppDelegate.swift */,
				86E78BD7250ECB900055CA29 /* SceneDelegate.swift */,
				86E78BD9250ECB900055CA29 /* ViewController.swift */,
				86E78BDB250ECB900055CA29 /* Main.storyboard */,
				86E78BDE250ECB930055CA29 /* Assets.xcassets */,
				86E78BE0250ECB930055CA29 /* LaunchScreen.storyboard */,
				86E78BE3250ECB930055CA29 /* Info.plist */,
			);
			path = SimpleApp4;
			sourceTree = "<group>";
		};
/* End PBXGroup section */

/* Begin PBXNativeTarget section */
		86E78BD1250ECB900055CA29 /* SimpleApp4 */ = {
			isa = PBXNativeTarget;
			buildConfigurationList = 86E78BE6250ECB930055CA29 /* Build configuration list for PBXNativeTarget "SimpleApp4" */;
			buildPhases = (
				86E78BCE250ECB900055CA29 /* Sources */,
				86E78BCF250ECB900055CA29 /* Frameworks */,
				86E78BD0250ECB900055CA29 /* Resources */,
			);
			buildRules = (
			);
			dependencies = (
			);
			name = SimpleApp4;
			productName = SimpleApp4;
			productReference = 86E78BD2250ECB900055CA29 /* SimpleApp4.app */;
			productType = "com.apple.product-type.application";
		};
/* End PBXNativeTarget section */

/* Begin PBXProject section */
		86E78BCA250ECB900055CA29 /* Project object */ = {
			isa = PBXProject;
			attributes = {
				LastSwiftUpdateCheck = 1170;
				LastUpgradeCheck = 1170;
				ORGANIZATIONNAME = Vladislav;
				TargetAttributes = {
					86E78BD1250ECB900055CA29 = {
						CreatedOnToolsVersion = 11.7;
					};
				};
			};
			buildConfigurationList = 86E78BCD250ECB900055CA29 /* Build configuration list for PBXProject "SimpleApp4" */;
			compatibilityVersion = "Xcode 9.3";
			developmentRegion = en;
			hasScannedForEncodings = 0;
			knownRegions = (
				en,
				Base,
			);
			mainGroup = 86E78BC9250ECB900055CA29;
			productRefGroup = 86E78BD3250ECB900055CA29 /* Products */;
			projectDirPath = "";
			projectRoot = "";
			targets = (
				86E78BD1250ECB900055CA29 /* SimpleApp4 */,
			);
		};
/* End PBXProject section */

/* Begin PBXResourcesBuildPhase section */
		86E78BD0250ECB900055CA29 /* Resources */ = {
			isa = PBXResourcesBuildPhase;
			buildActionMask = 2147483647;
			files = (
				86E78BE2250ECB930055CA29 /* LaunchScreen.storyboard in Resources */,
				86E78BDF250ECB930055CA29 /* Assets.xcassets in Resources */,
				86E78BDD250ECB900055CA29 /* Main.storyboard in Resources */,
			);
			runOnlyForDeploymentPostprocessing = 0;
		};
/* End PBXResourcesBuildPhase section */

/* Begin PBXSourcesBuildPhase section */
		86E78BCE250ECB900055CA29 /* Sources */ = {
			isa = PBXSourcesBuildPhase;
			buildActionMask = 2147483647;
			files = (
				86E78BDA250ECB900055CA29 /* ViewController.swift in Sources */,
				86E78BD6250ECB900055CA29 /* AppDelegate.swift in Sources */,
				86E78BD8250ECB900055CA29 /* SceneDelegate.swift in Sources */,
			);
			runOnlyForDeploymentPostprocessing = 0;
		};
/* End PBXSourcesBuildPhase section */

/* Begin PBXVariantGroup section */
		86E78BDB250ECB900055CA29 /* Main.storyboard */ = {
			isa = PBXVariantGroup;
			children = (
				86E78BDC250ECB900055CA29 /* Base */,
			);
			name = Main.storyboard;
			sourceTree = "<group>";
		};
		86E78BE0250ECB930055CA29 /* LaunchScreen.storyboard */ = {
			isa = PBXVariantGroup;
			children = (
				86E78BE1250ECB930055CA29 /* Base */,
			);
			name = LaunchScreen.storyboard;
			sourceTree = "<group>";
		};
/* End PBXVariantGroup section */

/* Begin XCBuildConfiguration section */
		86E78BE4250ECB930055CA29 /* Debug */ = {
			isa = XCBuildConfiguration;
			buildSettings = {
				ALWAYS_SEARCH_USER_PATHS = NO;
				CLANG_ANALYZER_NONNULL = YES;
				CLANG_ANALYZER_NUMBER_OBJECT_CONVERSION = YES_AGGRESSIVE;
				CLANG_CXX_LANGUAGE_STANDARD = "gnu++14";
				CLANG_CXX_LIBRARY = "libc++";
				CLANG_ENABLE_MODULES = YES;
				CLANG_ENABLE_OBJC_ARC = YES;
				CLANG_ENABLE_OBJC_WEAK = YES;
				CLANG_WARN_BLOCK_CAPTURE_AUTORELEASING = YES;
				CLANG_WARN_BOOL_CONVERSION = YES;
				CLANG_WARN_COMMA = YES;
				CLANG_WARN_CONSTANT_CONVERSION = YES;
				CLANG_WARN_DEPRECATED_OBJC_IMPLEMENTATIONS = YES;
				CLANG_WARN_DIRECT_OBJC_ISA_USAGE = YES_ERROR;
				CLANG_WARN_DOCUMENTATION_COMMENTS = YES;
				CLANG_WARN_EMPTY_BODY = YES;
				CLANG_WARN_ENUM_CONVERSION = YES;
				CLANG_WARN_INFINITE_RECURSION = YES;
				CLANG_WARN_INT_CONVERSION = YES;
				CLANG_WARN_NON_LITERAL_NULL_CONVERSION = YES;
				CLANG_WARN_OBJC_IMPLICIT_RETAIN_SELF = YES;
				CLANG_WARN_OBJC_LITERAL_CONVERSION = YES;
				CLANG_WARN_OBJC_ROOT_CLASS = YES_ERROR;
				CLANG_WARN_RANGE_LOOP_ANALYSIS = YES;
				CLANG_WARN_STRICT_PROTOTYPES = YES;
				CLANG_WARN_SUSPICIOUS_MOVE = YES;
				CLANG_WARN_UNGUARDED_AVAILABILITY = YES_AGGRESSIVE;
				CLANG_WARN_UNREACHABLE_CODE = YES;
				CLANG_WARN__DUPLICATE_METHOD_MATCH = YES;
				COPY_PHASE_STRIP = NO;
				DEBUG_INFORMATION_FORMAT = dwarf;
				ENABLE_STRICT_OBJC_MSGSEND = YES;
				ENABLE_TESTABILITY = YES;
				GCC_C_LANGUAGE_STANDARD = gnu11;
				GCC_DYNAMIC_NO_PIC = NO;
				GCC_NO_COMMON_BLOCKS = YES;
				GCC_OPTIMIZATION_LEVEL = 0;
				GCC_PREPROCESSOR_DEFINITIONS = (
					"DEBUG=1",
					"$(inherited)",
				);
				GCC_WARN_64_TO_32_BIT_CONVERSION = YES;
				GCC_WARN_ABOUT_RETURN_TYPE = YES_ERROR;
				GCC_WARN_UNDECLARED_SELECTOR = YES;
				GCC_WARN_UNINITIALIZED_AUTOS = YES_AGGRESSIVE;
				GCC_WARN_UNUSED_FUNCTION = YES;
				GCC_WARN_UNUSED_VARIABLE = YES;
				IPHONEOS_DEPLOYMENT_TARGET = 13.7;
				MTL_ENABLE_DEBUG_INFO = INCLUDE_SOURCE;
				MTL_FAST_MATH = YES;
				ONLY_ACTIVE_ARCH = YES;
				SDKROOT = iphoneos;
				SWIFT_ACTIVE_COMPILATION_CONDITIONS = DEBUG;
				SWIFT_OPTIMIZATION_LEVEL = "-Onone";
			};
			name = Debug;
		};
		86E78BE5250ECB930055CA29 /* Release */ = {
			isa = XCBuildConfiguration;
			buildSettings = {
				ALWAYS_SEARCH_USER_PATHS = NO;
				CLANG_ANALYZER_NONNULL = YES;
				CLANG_ANALYZER_NUMBER_OBJECT_CONVERSION = YES_AGGRESSIVE;
				CLANG_CXX_LANGUAGE_STANDARD = "gnu++14";
				CLANG_CXX_LIBRARY = "libc++";
				CLANG_ENABLE_MODULES = YES;
				CLANG_ENABLE_OBJC_ARC = YES;
				CLANG_ENABLE_OBJC_WEAK = YES;
				CLANG_WARN_BLOCK_CAPTURE_AUTORELEASING = YES;
				CLANG_WARN_BOOL_CONVERSION = YES;
				CLANG_WARN_COMMA = YES;
				CLANG_WARN_CONSTANT_CONVERSION = YES;
				CLANG_WARN_DEPRECATED_OBJC_IMPLEMENTATIONS = YES;
				CLANG_WARN_DIRECT_OBJC_ISA_USAGE = YES_ERROR;
				CLANG_WARN_DOCUMENTATION_COMMENTS = YES;
				CLANG_WARN_EMPTY_BODY = YES;
				CLANG_WARN_ENUM_CONVERSION = YES;
				CLANG_WARN_INFINITE_RECURSION = YES;
				CLANG_WARN_INT_CONVERSION = YES;
				CLANG_WARN_NON_LITERAL_NULL_CONVERSION = YES;
				CLANG_WARN_OBJC_IMPLICIT_RETAIN_SELF = YES;
				CLANG_WARN_OBJC_LITERAL_CONVERSION = YES;
				CLANG_WARN_OBJC_ROOT_CLASS = YES_ERROR;
				CLANG_WARN_RANGE_LOOP_ANALYSIS = YES;
				CLANG_WARN_STRICT_PROTOTYPES = YES;
				CLANG_WARN_SUSPICIOUS_MOVE = YES;
				CLANG_WARN_UNGUARDED_AVAILABILITY = YES_AGGRESSIVE;
				CLANG_WARN_UNREACHABLE_CODE = YES;
				CLANG_WARN__DUPLICATE_METHOD_MATCH = YES;
				COPY_PHASE_STRIP = NO;
				DEBUG_INFORMATION_FORMAT = "dwarf-with-dsym";
				ENABLE_NS_ASSERTIONS = NO;
				ENABLE_STRICT_OBJC_MSGSEND = YES;
				GCC_C_LANGUAGE_STANDARD = gnu11;
				GCC_NO_COMMON_BLOCKS = YES;
				GCC_WARN_64_TO_32_BIT_CONVERSION = YES;
				GCC_WARN_ABOUT_RETURN_TYPE = YES_ERROR;
				GCC_WARN_UNDECLARED_SELECTOR = YES;
				GCC_WARN_UNINITIALIZED_AUTOS = YES_AGGRESSIVE;
				GCC_WARN_UNUSED_FUNCTION = YES;
				GCC_WARN_UNUSED_VARIABLE = YES;
				IPHONEOS_DEPLOYMENT_TARGET = 13.7;
				MTL_ENABLE_DEBUG_INFO = NO;
				MTL_FAST_MATH = YES;
				SDKROOT = iphoneos;
				SWIFT_COMPILATION_MODE = wholemodule;
				SWIFT_OPTIMIZATION_LEVEL = "-O";
				VALIDATE_PRODUCT = YES;
			};
			name = Release;
		};
		86E78BE7250ECB930055CA29 /* Debug */ = {
			isa = XCBuildConfiguration;
			buildSettings = {
				ASSETCATALOG_COMPILER_APPICON_NAME = AppIcon;
				CODE_SIGN_STYLE = Automatic;
				DEVELOPMENT_TEAM = ASULA5H36M;
				INFOPLIST_FILE = SimpleApp4/Info.plist;
				LD_RUNPATH_SEARCH_PATHS = (
					"$(inherited)",
					"@executable_path/Frameworks",
				);
				PRODUCT_BUNDLE_IDENTIFIER = com.vladislavglovatskiy.SimpleApp4;
				PRODUCT_NAME = "$(TARGET_NAME)";
				SWIFT_VERSION = 5.0;
				TARGETED_DEVICE_FAMILY = "1,2";
			};
			name = Debug;
		};
		86E78BE8250ECB930055CA29 /* Release */ = {
			isa = XCBuildConfiguration;
			buildSettings = {
				ASSETCATALOG_COMPILER_APPICON_NAME = AppIcon;
				CODE_SIGN_STYLE = Automatic;
				DEVELOPMENT_TEAM = ASULA5H36M;
				INFOPLIST_FILE = SimpleApp4/Info.plist;
				LD_RUNPATH_SEARCH_PATHS = (
					"$(inherited)",
					"@executable_path/Frameworks",
				);
				PRODUCT_BUNDLE_IDENTIFIER = com.vladislavglovatskiy.SimpleApp4;
				PRODUCT_NAME = "$(TARGET_NAME)";
				SWIFT_VERSION = 5.0;
				TARGETED_DEVICE_FAMILY = "1,2";
			};
			name = Release;
		};
/* End XCBuildConfiguration section */

/* Begin XCConfigurationList section */
		86E78BCD250ECB900055CA29 /* Build configuration list for PBXProject "SimpleApp4" */ = {
			isa = XCConfigurationList;
			buildConfigurations = (
				86E78BE4250ECB930055CA29 /* Debug */,
				86E78BE5250ECB930055CA29 /* Release */,
			);
			defaultConfigurationIsVisible = 0;
			defaultConfigurationName = Release;
		};
		86E78BE6250ECB930055CA29 /* Build configuration list for PBXNativeTarget "SimpleApp4" */ = {
			isa = XCConfigurationList;
			buildConfigurations = (
				86E78BE7250ECB930055CA29 /* Debug */,
				86E78BE8250ECB930055CA29 /* Release */,
			);
			defaultConfigurationIsVisible = 0;
			defaultConfigurationName = Release;
		};
/* End XCConfigurationList section */
	};
	rootObject = 86E78BCA250ECB900055CA29 /* Project object */;
}
